
Microsoft Visual Studio Solution File, Format Version 12.00
# Visual Studio 14
VisualStudioVersion = 14.0.25420.1
MinimumVisualStudioVersion = 10.0.40219.1
Project("{FAE04EC0-301F-11D3-BF4B-00C04F79EFBC}") = "SongApp.Android", "SongApp\SongApp.Android\SongApp.Android.csproj", "{948A5830-34B2-4D10-8B11-4D808D40A0D8}"
EndProject
Project("{FAE04EC0-301F-11D3-BF4B-00C04F79EFBC}") = "SongApp", "SongApp\SongApp\SongApp.csproj", "{13DAACC9-1AD5-4DF1-928C-50DB6B189D59}"
EndProject
Project("{FAE04EC0-301F-11D3-BF4B-00C04F79EFBC}") = "SongApp.iOS", "SongApp\SongApp.iOS\SongApp.iOS.csproj", "{97724551-E533-4E4E-8B0C-70F955E8A53A}"
EndProject
Global
	GlobalSection(SolutionConfigurationPlatforms) = preSolution
		Ad-Hoc|Any CPU = Ad-Hoc|Any CPU
		Ad-Hoc|iPhone = Ad-Hoc|iPhone
		Ad-Hoc|iPhoneSimulator = Ad-Hoc|iPhoneSimulator
		AppStore|Any CPU = AppStore|Any CPU
		AppStore|iPhone = AppStore|iPhone
		AppStore|iPhoneSimulator = AppStore|iPhoneSimulator
		Debug|Any CPU = Debug|Any CPU
		Debug|iPhone = Debug|iPhone
		Debug|iPhoneSimulator = Debug|iPhoneSimulator
		Release|Any CPU = Release|Any CPU
		Release|iPhone = Release|iPhone
		Release|iPhoneSimulator = Release|iPhoneSimulator
	EndGlobalSection
	GlobalSection(ProjectConfigurationPlatforms) = postSolution
		{948A5830-34B2-4D10-8B11-4D808D40A0D8}.Ad-Hoc|Any CPU.ActiveCfg = Release|Any CPU
		{948A5830-34B2-4D10-8B11-4D808D40A0D8}.Ad-Hoc|Any CPU.Build.0 = Release|Any CPU
		{948A5830-34B2-4D10-8B11-4D808D40A0D8}.Ad-Hoc|Any CPU.Deploy.0 = Release|Any CPU
		{948A5830-34B2-4D10-8B11-4D808D40A0D8}.Ad-Hoc|iPhone.ActiveCfg = Release|Any CPU
		{948A5830-34B2-4D10-8B11-4D808D40A0D8}.Ad-Hoc|iPhone.Build.0 = Release|Any CPU
		{948A5830-34B2-4D10-8B11-4D808D40A0D8}.Ad-Hoc|iPhone.Deploy.0 = Release|Any CPU
		{948A5830-34B2-4D10-8B11-4D808D40A0D8}.Ad-Hoc|iPhoneSimulator.ActiveCfg = Release|Any CPU
		{948A5830-34B2-4D10-8B11-4D808D40A0D8}.Ad-Hoc|iPhoneSimulator.Build.0 = Release|Any CPU
		{948A5830-34B2-4D10-8B11-4D808D40A0D8}.Ad-Hoc|iPhoneSimulator.Deploy.0 = Release|Any CPU
		{948A5830-34B2-4D10-8B11-4D808D40A0D8}.AppStore|Any CPU.ActiveCfg = Release|Any CPU
		{948A5830-34B2-4D10-8B11-4D808D40A0D8}.AppStore|Any CPU.Build.0 = Release|Any CPU
		{948A5830-34B2-4D10-8B11-4D808D40A0D8}.AppStore|Any CPU.Deploy.0 = Release|Any CPU
		{948A5830-34B2-4D10-8B11-4D808D40A0D8}.AppStore|iPhone.ActiveCfg = Release|Any CPU
		{948A5830-34B2-4D10-8B11-4D808D40A0D8}.AppStore|iPhone.Build.0 = Release|Any CPU
		{948A5830-34B2-4D10-8B11-4D808D40A0D8}.AppStore|iPhone.Deploy.0 = Release|Any CPU
		{948A5830-34B2-4D10-8B11-4D808D40A0D8}.AppStore|iPhoneSimulator.ActiveCfg = Release|Any CPU
		{948A5830-34B2-4D10-8B11-4D808D40A0D8}.AppStore|iPhoneSimulator.Build.0 = Release|Any CPU
		{948A5830-34B2-4D10-8B11-4D808D40A0D8}.AppStore|iPhoneSimulator.Deploy.0 = Release|Any CPU
		{948A5830-34B2-4D10-8B11-4D808D40A0D8}.Debug|Any CPU.ActiveCfg = Debug|Any CPU
		{948A5830-34B2-4D10-8B11-4D808D40A0D8}.Debug|Any CPU.Build.0 = Debug|Any CPU
		{948A5830-34B2-4D10-8B11-4D808D40A0D8}.Debug|Any CPU.Deploy.0 = Debug|Any CPU
		{948A5830-34B2-4D10-8B11-4D808D40A0D8}.Debug|iPhone.ActiveCfg = Debug|Any CPU
		{948A5830-34B2-4D10-8B11-4D808D40A0D8}.Debug|iPhone.Build.0 = Debug|Any CPU
		{948A5830-34B2-4D10-8B11-4D808D40A0D8}.Debug|iPhone.Deploy.0 = Debug|Any CPU
		{948A5830-34B2-4D10-8B11-4D808D40A0D8}.Debug|iPhoneSimulator.ActiveCfg = Debug|Any CPU
		{948A5830-34B2-4D10-8B11-4D808D40A0D8}.Debug|iPhoneSimulator.Build.0 = Debug|Any CPU
		{948A5830-34B2-4D10-8B11-4D808D40A0D8}.Debug|iPhoneSimulator.Deploy.0 = Debug|Any CPU
		{948A5830-34B2-4D10-8B11-4D808D40A0D8}.Release|Any CPU.ActiveCfg = Release|Any CPU
		{948A5830-34B2-4D10-8B11-4D808D40A0D8}.Release|Any CPU.Build.0 = Release|Any CPU
		{948A5830-34B2-4D10-8B11-4D808D40A0D8}.Release|Any CPU.Deploy.0 = Release|Any CPU
		{948A5830-34B2-4D10-8B11-4D808D40A0D8}.Release|iPhone.ActiveCfg = Release|Any CPU
		{948A5830-34B2-4D10-8B11-4D808D40A0D8}.Release|iPhone.Build.0 = Release|Any CPU
		{948A5830-34B2-4D10-8B11-4D808D40A0D8}.Release|iPhone.Deploy.0 = Release|Any CPU
		{948A5830-34B2-4D10-8B11-4D808D40A0D8}.Release|iPhoneSimulator.ActiveCfg = Release|Any CPU
		{948A5830-34B2-4D10-8B11-4D808D40A0D8}.Release|iPhoneSimulator.Build.0 = Release|Any CPU
		{948A5830-34B2-4D10-8B11-4D808D40A0D8}.Release|iPhoneSimulator.Deploy.0 = Release|Any CPU
		{13DAACC9-1AD5-4DF1-928C-50DB6B189D59}.Ad-Hoc|Any CPU.ActiveCfg = Release|Any CPU
		{13DAACC9-1AD5-4DF1-928C-50DB6B189D59}.Ad-Hoc|Any CPU.Build.0 = Release|Any CPU
		{13DAACC9-1AD5-4DF1-928C-50DB6B189D59}.Ad-Hoc|iPhone.ActiveCfg = Release|Any CPU
		{13DAACC9-1AD5-4DF1-928C-50DB6B189D59}.Ad-Hoc|iPhone.Build.0 = Release|Any CPU
		{13DAACC9-1AD5-4DF1-928C-50DB6B189D59}.Ad-Hoc|iPhoneSimulator.ActiveCfg = Release|Any CPU
		{13DAACC9-1AD5-4DF1-928C-50DB6B189D59}.Ad-Hoc|iPhoneSimulator.Build.0 = Release|Any CPU
		{13DAACC9-1AD5-4DF1-928C-50DB6B189D59}.AppStore|Any CPU.ActiveCfg = Release|Any CPU
		{13DAACC9-1AD5-4DF1-928C-50DB6B189D59}.AppStore|Any CPU.Build.0 = Release|Any CPU
		{13DAACC9-1AD5-4DF1-928C-50DB6B189D59}.AppStore|iPhone.ActiveCfg = Release|Any CPU
		{13DAACC9-1AD5-4DF1-928C-50DB6B189D59}.AppStore|iPhone.Build.0 = Release|Any CPU
		{13DAACC9-1AD5-4DF1-928C-50DB6B189D59}.AppStore|iPhoneSimulator.ActiveCfg = Release|Any CPU
		{13DAACC9-1AD5-4DF1-928C-50DB6B189D59}.AppStore|iPhoneSimulator.Build.0 = Release|Any CPU
		{13DAACC9-1AD5-4DF1-928C-50DB6B189D59}.Debug|Any CPU.ActiveCfg = Debug|Any CPU
		{13DAACC9-1AD5-4DF1-928C-50DB6B189D59}.Debug|Any CPU.Build.0 = Debug|Any CPU
		{13DAACC9-1AD5-4DF1-928C-50DB6B189D59}.Debug|iPhone.ActiveCfg = Debug|Any CPU
		{13DAACC9-1AD5-4DF1-928C-50DB6B189D59}.Debug|iPhone.Build.0 = Debug|Any CPU
		{13DAACC9-1AD5-4DF1-928C-50DB6B189D59}.Debug|iPhoneSimulator.ActiveCfg = Debug|Any CPU
		{13DAACC9-1AD5-4DF1-928C-50DB6B189D59}.Debug|iPhoneSimulator.Build.0 = Debug|Any CPU
		{13DAACC9-1AD5-4DF1-928C-50DB6B189D59}.Release|Any CPU.ActiveCfg = Release|Any CPU
		{13DAACC9-1AD5-4DF1-928C-50DB6B189D59}.Release|Any CPU.Build.0 = Release|Any CPU
		{13DAACC9-1AD5-4DF1-928C-50DB6B189D59}.Release|iPhone.ActiveCfg = Release|Any CPU
		{13DAACC9-1AD5-4DF1-928C-50DB6B189D59}.Release|iPhone.Build.0 = Release|Any CPU
		{13DAACC9-1AD5-4DF1-928C-50DB6B189D59}.Release|iPhoneSimulator.ActiveCfg = Release|Any CPU
		{13DAACC9-1AD5-4DF1-928C-50DB6B189D59}.Release|iPhoneSimulator.Build.0 = Release|Any CPU
		{97724551-E533-4E4E-8B0C-70F955E8A53A}.Ad-Hoc|Any CPU.ActiveCfg = Ad-Hoc|iPhone
		{97724551-E533-4E4E-8B0C-70F955E8A53A}.Ad-Hoc|iPhone.ActiveCfg = Ad-Hoc|iPhone
		{97724551-E533-4E4E-8B0C-70F955E8A53A}.Ad-Hoc|iPhone.Build.0 = Ad-Hoc|iPhone
		{97724551-E533-4E4E-8B0C-70F955E8A53A}.Ad-Hoc|iPhoneSimulator.ActiveCfg = Ad-Hoc|iPhoneSimulator
		{97724551-E533-4E4E-8B0C-70F955E8A53A}.Ad-Hoc|iPhoneSimulator.Build.0 = Ad-Hoc|iPhoneSimulator
		{97724551-E533-4E4E-8B0C-70F955E8A53A}.AppStore|Any CPU.ActiveCfg = AppStore|iPhone
		{97724551-E533-4E4E-8B0C-70F955E8A53A}.AppStore|iPhone.ActiveCfg = AppStore|iPhone
		{97724551-E533-4E4E-8B0C-70F955E8A53A}.AppStore|iPhone.Build.0 = AppStore|iPhone
		{97724551-E533-4E4E-8B0C-70F955E8A53A}.AppStore|iPhoneSimulator.ActiveCfg = AppStore|iPhoneSimulator
		{97724551-E533-4E4E-8B0C-70F955E8A53A}.AppStore|iPhoneSimulator.Build.0 = AppStore|iPhoneSimulator
		{97724551-E533-4E4E-8B0C-70F955E8A53A}.Debug|Any CPU.ActiveCfg = Debug|iPhone
		{97724551-E533-4E4E-8B0C-70F955E8A53A}.Debug|iPhone.ActiveCfg = Debug|iPhone
		{97724551-E533-4E4E-8B0C-70F955E8A53A}.Debug|iPhone.Build.0 = Debug|iPhone
		{97724551-E533-4E4E-8B0C-70F955E8A53A}.Debug|iPhoneSimulator.ActiveCfg = Debug|iPhoneSimulator
		{97724551-E533-4E4E-8B0C-70F955E8A53A}.Debug|iPhoneSimulator.Build.0 = Debug|iPhoneSimulator
		{97724551-E533-4E4E-8B0C-70F955E8A53A}.Release|Any CPU.ActiveCfg = Release|iPhone
		{97724551-E533-4E4E-8B0C-70F955E8A53A}.Release|iPhone.ActiveCfg = Release|iPhone
		{97724551-E533-4E4E-8B0C-70F955E8A53A}.Release|iPhone.Build.0 = Release|iPhone
		{97724551-E533-4E4E-8B0C-70F955E8A53A}.Release|iPhoneSimulator.ActiveCfg = Release|iPhoneSimulator
		{97724551-E533-4E4E-8B0C-70F955E8A53A}.Release|iPhoneSimulator.Build.0 = Release|iPhoneSimulator
	EndGlobalSection
	GlobalSection(SolutionProperties) = preSolution
		HideSolutionNode = FALSE
	EndGlobalSection
EndGlobal
